
Microsoft Visual Studio Solution File, Format Version 12.00
# Visual Studio Version 17
VisualStudioVersion = 17.11.35312.102
MinimumVisualStudioVersion = 10.0.40219.1
Project("{9A19103F-16F7-4668-BE54-9A1E7A4F7556}") = "Übung_03", "Übung_03\Übung_03.csproj", "{4CC65DBB-2F0D-4C69-AD4D-D3FF27BEF66F}"
EndProject
Project("{2150E333-8FDC-42A3-9474-1A3956D46DE8}") = "Projektmappenelemente", "Projektmappenelemente", "{0584E3D0-C9AD-456D-BDDD-FB22F9726658}"
	ProjectSection(SolutionItems) = preProject
		ComponentManager.cs = ComponentManager.cs
	EndProjectSection
EndProject
Global
	GlobalSection(SolutionConfigurationPlatforms) = preSolution
		Debug|Any CPU = Debug|Any CPU
		Release|Any CPU = Release|Any CPU
	EndGlobalSection
	GlobalSection(ProjectConfigurationPlatforms) = postSolution
		{4CC65DBB-2F0D-4C69-AD4D-D3FF27BEF66F}.Debug|Any CPU.ActiveCfg = Debug|Any CPU
		{4CC65DBB-2F0D-4C69-AD4D-D3FF27BEF66F}.Debug|Any CPU.Build.0 = Debug|Any CPU
		{4CC65DBB-2F0D-4C69-AD4D-D3FF27BEF66F}.Release|Any CPU.ActiveCfg = Release|Any CPU
		{4CC65DBB-2F0D-4C69-AD4D-D3FF27BEF66F}.Release|Any CPU.Build.0 = Release|Any CPU
	EndGlobalSection
	GlobalSection(SolutionProperties) = preSolution
		HideSolutionNode = FALSE
	EndGlobalSection
	GlobalSection(ExtensibilityGlobals) = postSolution
		SolutionGuid = {43DBD86C-E697-45F3-B96B-52DB33466CF7}
	EndGlobalSection
EndGlobal
